
Microsoft Visual Studio Solution File, Format Version 12.00
# Visual Studio 14
VisualStudioVersion = 14.0.25420.1
MinimumVisualStudioVersion = 10.0.40219.1
Project("{FAE04EC0-301F-11D3-BF4B-00C04F79EFBC}") = "Pins.Android", "Pins\Pins.Android\Pins.Android.csproj", "{CF8C6B7F-AD23-4D72-8431-F03E43BC7321}"
EndProject
Project("{FAE04EC0-301F-11D3-BF4B-00C04F79EFBC}") = "Pins", "Pins\Pins\Pins.csproj", "{1FB367AA-DB1F-447E-91F4-16DD2D3DC798}"
EndProject
Project("{FAE04EC0-301F-11D3-BF4B-00C04F79EFBC}") = "Pins.UWP", "Pins\Pins.UWP\Pins.UWP.csproj", "{5040E0F5-1E79-41EC-A203-A65E167A4A71}"
EndProject
Project("{FAE04EC0-301F-11D3-BF4B-00C04F79EFBC}") = "Pins.iOS", "Pins\Pins.iOS\Pins.iOS.csproj", "{E8154E8A-966C-431B-9011-01A03C9B41A8}"
EndProject
Global
	GlobalSection(SolutionConfigurationPlatforms) = preSolution
		Ad-Hoc|Any CPU = Ad-Hoc|Any CPU
		Ad-Hoc|ARM = Ad-Hoc|ARM
		Ad-Hoc|iPhone = Ad-Hoc|iPhone
		Ad-Hoc|iPhoneSimulator = Ad-Hoc|iPhoneSimulator
		Ad-Hoc|x64 = Ad-Hoc|x64
		Ad-Hoc|x86 = Ad-Hoc|x86
		AppStore|Any CPU = AppStore|Any CPU
		AppStore|ARM = AppStore|ARM
		AppStore|iPhone = AppStore|iPhone
		AppStore|iPhoneSimulator = AppStore|iPhoneSimulator
		AppStore|x64 = AppStore|x64
		AppStore|x86 = AppStore|x86
		Debug|Any CPU = Debug|Any CPU
		Debug|ARM = Debug|ARM
		Debug|iPhone = Debug|iPhone
		Debug|iPhoneSimulator = Debug|iPhoneSimulator
		Debug|x64 = Debug|x64
		Debug|x86 = Debug|x86
		Release|Any CPU = Release|Any CPU
		Release|ARM = Release|ARM
		Release|iPhone = Release|iPhone
		Release|iPhoneSimulator = Release|iPhoneSimulator
		Release|x64 = Release|x64
		Release|x86 = Release|x86
	EndGlobalSection
	GlobalSection(ProjectConfigurationPlatforms) = postSolution
		{CF8C6B7F-AD23-4D72-8431-F03E43BC7321}.Ad-Hoc|Any CPU.ActiveCfg = Release|Any CPU
		{CF8C6B7F-AD23-4D72-8431-F03E43BC7321}.Ad-Hoc|Any CPU.Build.0 = Release|Any CPU
		{CF8C6B7F-AD23-4D72-8431-F03E43BC7321}.Ad-Hoc|Any CPU.Deploy.0 = Release|Any CPU
		{CF8C6B7F-AD23-4D72-8431-F03E43BC7321}.Ad-Hoc|ARM.ActiveCfg = Release|Any CPU
		{CF8C6B7F-AD23-4D72-8431-F03E43BC7321}.Ad-Hoc|ARM.Build.0 = Release|Any CPU
		{CF8C6B7F-AD23-4D72-8431-F03E43BC7321}.Ad-Hoc|ARM.Deploy.0 = Release|Any CPU
		{CF8C6B7F-AD23-4D72-8431-F03E43BC7321}.Ad-Hoc|iPhone.ActiveCfg = Release|Any CPU
		{CF8C6B7F-AD23-4D72-8431-F03E43BC7321}.Ad-Hoc|iPhone.Build.0 = Release|Any CPU
		{CF8C6B7F-AD23-4D72-8431-F03E43BC7321}.Ad-Hoc|iPhone.Deploy.0 = Release|Any CPU
		{CF8C6B7F-AD23-4D72-8431-F03E43BC7321}.Ad-Hoc|iPhoneSimulator.ActiveCfg = Release|Any CPU
		{CF8C6B7F-AD23-4D72-8431-F03E43BC7321}.Ad-Hoc|iPhoneSimulator.Build.0 = Release|Any CPU
		{CF8C6B7F-AD23-4D72-8431-F03E43BC7321}.Ad-Hoc|iPhoneSimulator.Deploy.0 = Release|Any CPU
		{CF8C6B7F-AD23-4D72-8431-F03E43BC7321}.Ad-Hoc|x64.ActiveCfg = Release|Any CPU
		{CF8C6B7F-AD23-4D72-8431-F03E43BC7321}.Ad-Hoc|x64.Build.0 = Release|Any CPU
		{CF8C6B7F-AD23-4D72-8431-F03E43BC7321}.Ad-Hoc|x64.Deploy.0 = Release|Any CPU
		{CF8C6B7F-AD23-4D72-8431-F03E43BC7321}.Ad-Hoc|x86.ActiveCfg = Release|Any CPU
		{CF8C6B7F-AD23-4D72-8431-F03E43BC7321}.Ad-Hoc|x86.Build.0 = Release|Any CPU
		{CF8C6B7F-AD23-4D72-8431-F03E43BC7321}.Ad-Hoc|x86.Deploy.0 = Release|Any CPU
		{CF8C6B7F-AD23-4D72-8431-F03E43BC7321}.AppStore|Any CPU.ActiveCfg = Release|Any CPU
		{CF8C6B7F-AD23-4D72-8431-F03E43BC7321}.AppStore|Any CPU.Build.0 = Release|Any CPU
		{CF8C6B7F-AD23-4D72-8431-F03E43BC7321}.AppStore|Any CPU.Deploy.0 = Release|Any CPU
		{CF8C6B7F-AD23-4D72-8431-F03E43BC7321}.AppStore|ARM.ActiveCfg = Release|Any CPU
		{CF8C6B7F-AD23-4D72-8431-F03E43BC7321}.AppStore|ARM.Build.0 = Release|Any CPU
		{CF8C6B7F-AD23-4D72-8431-F03E43BC7321}.AppStore|ARM.Deploy.0 = Release|Any CPU
		{CF8C6B7F-AD23-4D72-8431-F03E43BC7321}.AppStore|iPhone.ActiveCfg = Release|Any CPU
		{CF8C6B7F-AD23-4D72-8431-F03E43BC7321}.AppStore|iPhone.Build.0 = Release|Any CPU
		{CF8C6B7F-AD23-4D72-8431-F03E43BC7321}.AppStore|iPhone.Deploy.0 = Release|Any CPU
		{CF8C6B7F-AD23-4D72-8431-F03E43BC7321}.AppStore|iPhoneSimulator.ActiveCfg = Release|Any CPU
		{CF8C6B7F-AD23-4D72-8431-F03E43BC7321}.AppStore|iPhoneSimulator.Build.0 = Release|Any CPU
		{CF8C6B7F-AD23-4D72-8431-F03E43BC7321}.AppStore|iPhoneSimulator.Deploy.0 = Release|Any CPU
		{CF8C6B7F-AD23-4D72-8431-F03E43BC7321}.AppStore|x64.ActiveCfg = Release|Any CPU
		{CF8C6B7F-AD23-4D72-8431-F03E43BC7321}.AppStore|x64.Build.0 = Release|Any CPU
		{CF8C6B7F-AD23-4D72-8431-F03E43BC7321}.AppStore|x64.Deploy.0 = Release|Any CPU
		{CF8C6B7F-AD23-4D72-8431-F03E43BC7321}.AppStore|x86.ActiveCfg = Release|Any CPU
		{CF8C6B7F-AD23-4D72-8431-F03E43BC7321}.AppStore|x86.Build.0 = Release|Any CPU
		{CF8C6B7F-AD23-4D72-8431-F03E43BC7321}.AppStore|x86.Deploy.0 = Release|Any CPU
		{CF8C6B7F-AD23-4D72-8431-F03E43BC7321}.Debug|Any CPU.ActiveCfg = Debug|Any CPU
		{CF8C6B7F-AD23-4D72-8431-F03E43BC7321}.Debug|Any CPU.Build.0 = Debug|Any CPU
		{CF8C6B7F-AD23-4D72-8431-F03E43BC7321}.Debug|Any CPU.Deploy.0 = Debug|Any CPU
		{CF8C6B7F-AD23-4D72-8431-F03E43BC7321}.Debug|ARM.ActiveCfg = Debug|Any CPU
		{CF8C6B7F-AD23-4D72-8431-F03E43BC7321}.Debug|ARM.Build.0 = Debug|Any CPU
		{CF8C6B7F-AD23-4D72-8431-F03E43BC7321}.Debug|ARM.Deploy.0 = Debug|Any CPU
		{CF8C6B7F-AD23-4D72-8431-F03E43BC7321}.Debug|iPhone.ActiveCfg = Debug|Any CPU
		{CF8C6B7F-AD23-4D72-8431-F03E43BC7321}.Debug|iPhone.Build.0 = Debug|Any CPU
		{CF8C6B7F-AD23-4D72-8431-F03E43BC7321}.Debug|iPhone.Deploy.0 = Debug|Any CPU
		{CF8C6B7F-AD23-4D72-8431-F03E43BC7321}.Debug|iPhoneSimulator.ActiveCfg = Debug|Any CPU
		{CF8C6B7F-AD23-4D72-8431-F03E43BC7321}.Debug|iPhoneSimulator.Build.0 = Debug|Any CPU
		{CF8C6B7F-AD23-4D72-8431-F03E43BC7321}.Debug|iPhoneSimulator.Deploy.0 = Debug|Any CPU
		{CF8C6B7F-AD23-4D72-8431-F03E43BC7321}.Debug|x64.ActiveCfg = Debug|Any CPU
		{CF8C6B7F-AD23-4D72-8431-F03E43BC7321}.Debug|x64.Build.0 = Debug|Any CPU
		{CF8C6B7F-AD23-4D72-8431-F03E43BC7321}.Debug|x64.Deploy.0 = Debug|Any CPU
		{CF8C6B7F-AD23-4D72-8431-F03E43BC7321}.Debug|x86.ActiveCfg = Debug|Any CPU
		{CF8C6B7F-AD23-4D72-8431-F03E43BC7321}.Debug|x86.Build.0 = Debug|Any CPU
		{CF8C6B7F-AD23-4D72-8431-F03E43BC7321}.Debug|x86.Deploy.0 = Debug|Any CPU
		{CF8C6B7F-AD23-4D72-8431-F03E43BC7321}.Release|Any CPU.ActiveCfg = Release|Any CPU
		{CF8C6B7F-AD23-4D72-8431-F03E43BC7321}.Release|Any CPU.Build.0 = Release|Any CPU
		{CF8C6B7F-AD23-4D72-8431-F03E43BC7321}.Release|Any CPU.Deploy.0 = Release|Any CPU
		{CF8C6B7F-AD23-4D72-8431-F03E43BC7321}.Release|ARM.ActiveCfg = Release|Any CPU
		{CF8C6B7F-AD23-4D72-8431-F03E43BC7321}.Release|ARM.Build.0 = Release|Any CPU
		{CF8C6B7F-AD23-4D72-8431-F03E43BC7321}.Release|ARM.Deploy.0 = Release|Any CPU
		{CF8C6B7F-AD23-4D72-8431-F03E43BC7321}.Release|iPhone.ActiveCfg = Release|Any CPU
		{CF8C6B7F-AD23-4D72-8431-F03E43BC7321}.Release|iPhone.Build.0 = Release|Any CPU
		{CF8C6B7F-AD23-4D72-8431-F03E43BC7321}.Release|iPhone.Deploy.0 = Release|Any CPU
		{CF8C6B7F-AD23-4D72-8431-F03E43BC7321}.Release|iPhoneSimulator.ActiveCfg = Release|Any CPU
		{CF8C6B7F-AD23-4D72-8431-F03E43BC7321}.Release|iPhoneSimulator.Build.0 = Release|Any CPU
		{CF8C6B7F-AD23-4D72-8431-F03E43BC7321}.Release|iPhoneSimulator.Deploy.0 = Release|Any CPU
		{CF8C6B7F-AD23-4D72-8431-F03E43BC7321}.Release|x64.ActiveCfg = Release|Any CPU
		{CF8C6B7F-AD23-4D72-8431-F03E43BC7321}.Release|x64.Build.0 = Release|Any CPU
		{CF8C6B7F-AD23-4D72-8431-F03E43BC7321}.Release|x64.Deploy.0 = Release|Any CPU
		{CF8C6B7F-AD23-4D72-8431-F03E43BC7321}.Release|x86.ActiveCfg = Release|Any CPU
		{CF8C6B7F-AD23-4D72-8431-F03E43BC7321}.Release|x86.Build.0 = Release|Any CPU
		{CF8C6B7F-AD23-4D72-8431-F03E43BC7321}.Release|x86.Deploy.0 = Release|Any CPU
		{1FB367AA-DB1F-447E-91F4-16DD2D3DC798}.Ad-Hoc|Any CPU.ActiveCfg = Release|Any CPU
		{1FB367AA-DB1F-447E-91F4-16DD2D3DC798}.Ad-Hoc|Any CPU.Build.0 = Release|Any CPU
		{1FB367AA-DB1F-447E-91F4-16DD2D3DC798}.Ad-Hoc|ARM.ActiveCfg = Release|Any CPU
		{1FB367AA-DB1F-447E-91F4-16DD2D3DC798}.Ad-Hoc|ARM.Build.0 = Release|Any CPU
		{1FB367AA-DB1F-447E-91F4-16DD2D3DC798}.Ad-Hoc|iPhone.ActiveCfg = Release|Any CPU
		{1FB367AA-DB1F-447E-91F4-16DD2D3DC798}.Ad-Hoc|iPhone.Build.0 = Release|Any CPU
		{1FB367AA-DB1F-447E-91F4-16DD2D3DC798}.Ad-Hoc|iPhoneSimulator.ActiveCfg = Release|Any CPU
		{1FB367AA-DB1F-447E-91F4-16DD2D3DC798}.Ad-Hoc|iPhoneSimulator.Build.0 = Release|Any CPU
		{1FB367AA-DB1F-447E-91F4-16DD2D3DC798}.Ad-Hoc|x64.ActiveCfg = Release|Any CPU
		{1FB367AA-DB1F-447E-91F4-16DD2D3DC798}.Ad-Hoc|x64.Build.0 = Release|Any CPU
		{1FB367AA-DB1F-447E-91F4-16DD2D3DC798}.Ad-Hoc|x86.ActiveCfg = Release|Any CPU
		{1FB367AA-DB1F-447E-91F4-16DD2D3DC798}.Ad-Hoc|x86.Build.0 = Release|Any CPU
		{1FB367AA-DB1F-447E-91F4-16DD2D3DC798}.AppStore|Any CPU.ActiveCfg = Release|Any CPU
		{1FB367AA-DB1F-447E-91F4-16DD2D3DC798}.AppStore|Any CPU.Build.0 = Release|Any CPU
		{1FB367AA-DB1F-447E-91F4-16DD2D3DC798}.AppStore|ARM.ActiveCfg = Release|Any CPU
		{1FB367AA-DB1F-447E-91F4-16DD2D3DC798}.AppStore|ARM.Build.0 = Release|Any CPU
		{1FB367AA-DB1F-447E-91F4-16DD2D3DC798}.AppStore|iPhone.ActiveCfg = Release|Any CPU
		{1FB367AA-DB1F-447E-91F4-16DD2D3DC798}.AppStore|iPhone.Build.0 = Release|Any CPU
		{1FB367AA-DB1F-447E-91F4-16DD2D3DC798}.AppStore|iPhoneSimulator.ActiveCfg = Release|Any CPU
		{1FB367AA-DB1F-447E-91F4-16DD2D3DC798}.AppStore|iPhoneSimulator.Build.0 = Release|Any CPU
		{1FB367AA-DB1F-447E-91F4-16DD2D3DC798}.AppStore|x64.ActiveCfg = Release|Any CPU
		{1FB367AA-DB1F-447E-91F4-16DD2D3DC798}.AppStore|x64.Build.0 = Release|Any CPU
		{1FB367AA-DB1F-447E-91F4-16DD2D3DC798}.AppStore|x86.ActiveCfg = Release|Any CPU
		{1FB367AA-DB1F-447E-91F4-16DD2D3DC798}.AppStore|x86.Build.0 = Release|Any CPU
		{1FB367AA-DB1F-447E-91F4-16DD2D3DC798}.Debug|Any CPU.ActiveCfg = Debug|Any CPU
		{1FB367AA-DB1F-447E-91F4-16DD2D3DC798}.Debug|Any CPU.Build.0 = Debug|Any CPU
		{1FB367AA-DB1F-447E-91F4-16DD2D3DC798}.Debug|ARM.ActiveCfg = Debug|Any CPU
		{1FB367AA-DB1F-447E-91F4-16DD2D3DC798}.Debug|ARM.Build.0 = Debug|Any CPU
		{1FB367AA-DB1F-447E-91F4-16DD2D3DC798}.Debug|iPhone.ActiveCfg = Debug|Any CPU
		{1FB367AA-DB1F-447E-91F4-16DD2D3DC798}.Debug|iPhone.Build.0 = Debug|Any CPU
		{1FB367AA-DB1F-447E-91F4-16DD2D3DC798}.Debug|iPhoneSimulator.ActiveCfg = Debug|Any CPU
		{1FB367AA-DB1F-447E-91F4-16DD2D3DC798}.Debug|iPhoneSimulator.Build.0 = Debug|Any CPU
		{1FB367AA-DB1F-447E-91F4-16DD2D3DC798}.Debug|x64.ActiveCfg = Debug|Any CPU
		{1FB367AA-DB1F-447E-91F4-16DD2D3DC798}.Debug|x64.Build.0 = Debug|Any CPU
		{1FB367AA-DB1F-447E-91F4-16DD2D3DC798}.Debug|x86.ActiveCfg = Debug|Any CPU
		{1FB367AA-DB1F-447E-91F4-16DD2D3DC798}.Debug|x86.Build.0 = Debug|Any CPU
		{1FB367AA-DB1F-447E-91F4-16DD2D3DC798}.Release|Any CPU.ActiveCfg = Release|Any CPU
		{1FB367AA-DB1F-447E-91F4-16DD2D3DC798}.Release|Any CPU.Build.0 = Release|Any CPU
		{1FB367AA-DB1F-447E-91F4-16DD2D3DC798}.Release|ARM.ActiveCfg = Release|Any CPU
		{1FB367AA-DB1F-447E-91F4-16DD2D3DC798}.Release|ARM.Build.0 = Release|Any CPU
		{1FB367AA-DB1F-447E-91F4-16DD2D3DC798}.Release|iPhone.ActiveCfg = Release|Any CPU
		{1FB367AA-DB1F-447E-91F4-16DD2D3DC798}.Release|iPhone.Build.0 = Release|Any CPU
		{1FB367AA-DB1F-447E-91F4-16DD2D3DC798}.Release|iPhoneSimulator.ActiveCfg = Release|Any CPU
		{1FB367AA-DB1F-447E-91F4-16DD2D3DC798}.Release|iPhoneSimulator.Build.0 = Release|Any CPU
		{1FB367AA-DB1F-447E-91F4-16DD2D3DC798}.Release|x64.ActiveCfg = Release|Any CPU
		{1FB367AA-DB1F-447E-91F4-16DD2D3DC798}.Release|x64.Build.0 = Release|Any CPU
		{1FB367AA-DB1F-447E-91F4-16DD2D3DC798}.Release|x86.ActiveCfg = Release|Any CPU
		{1FB367AA-DB1F-447E-91F4-16DD2D3DC798}.Release|x86.Build.0 = Release|Any CPU
		{5040E0F5-1E79-41EC-A203-A65E167A4A71}.Ad-Hoc|Any CPU.ActiveCfg = Release|x86
		{5040E0F5-1E79-41EC-A203-A65E167A4A71}.Ad-Hoc|Any CPU.Build.0 = Release|x86
		{5040E0F5-1E79-41EC-A203-A65E167A4A71}.Ad-Hoc|Any CPU.Deploy.0 = Release|x86
		{5040E0F5-1E79-41EC-A203-A65E167A4A71}.Ad-Hoc|ARM.ActiveCfg = Release|ARM
		{5040E0F5-1E79-41EC-A203-A65E167A4A71}.Ad-Hoc|ARM.Build.0 = Release|ARM
		{5040E0F5-1E79-41EC-A203-A65E167A4A71}.Ad-Hoc|ARM.Deploy.0 = Release|ARM
		{5040E0F5-1E79-41EC-A203-A65E167A4A71}.Ad-Hoc|iPhone.ActiveCfg = Release|x86
		{5040E0F5-1E79-41EC-A203-A65E167A4A71}.Ad-Hoc|iPhone.Build.0 = Release|x86
		{5040E0F5-1E79-41EC-A203-A65E167A4A71}.Ad-Hoc|iPhone.Deploy.0 = Release|x86
		{5040E0F5-1E79-41EC-A203-A65E167A4A71}.Ad-Hoc|iPhoneSimulator.ActiveCfg = Release|x86
		{5040E0F5-1E79-41EC-A203-A65E167A4A71}.Ad-Hoc|iPhoneSimulator.Build.0 = Release|x86
		{5040E0F5-1E79-41EC-A203-A65E167A4A71}.Ad-Hoc|iPhoneSimulator.Deploy.0 = Release|x86
		{5040E0F5-1E79-41EC-A203-A65E167A4A71}.Ad-Hoc|x64.ActiveCfg = Release|x64
		{5040E0F5-1E79-41EC-A203-A65E167A4A71}.Ad-Hoc|x64.Build.0 = Release|x64
		{5040E0F5-1E79-41EC-A203-A65E167A4A71}.Ad-Hoc|x64.Deploy.0 = Release|x64
		{5040E0F5-1E79-41EC-A203-A65E167A4A71}.Ad-Hoc|x86.ActiveCfg = Release|x86
		{5040E0F5-1E79-41EC-A203-A65E167A4A71}.Ad-Hoc|x86.Build.0 = Release|x86
		{5040E0F5-1E79-41EC-A203-A65E167A4A71}.Ad-Hoc|x86.Deploy.0 = Release|x86
		{5040E0F5-1E79-41EC-A203-A65E167A4A71}.AppStore|Any CPU.ActiveCfg = Release|x86
		{5040E0F5-1E79-41EC-A203-A65E167A4A71}.AppStore|Any CPU.Build.0 = Release|x86
		{5040E0F5-1E79-41EC-A203-A65E167A4A71}.AppStore|Any CPU.Deploy.0 = Release|x86
		{5040E0F5-1E79-41EC-A203-A65E167A4A71}.AppStore|ARM.ActiveCfg = Release|ARM
		{5040E0F5-1E79-41EC-A203-A65E167A4A71}.AppStore|ARM.Build.0 = Release|ARM
		{5040E0F5-1E79-41EC-A203-A65E167A4A71}.AppStore|ARM.Deploy.0 = Release|ARM
		{5040E0F5-1E79-41EC-A203-A65E167A4A71}.AppStore|iPhone.ActiveCfg = Release|x86
		{5040E0F5-1E79-41EC-A203-A65E167A4A71}.AppStore|iPhone.Build.0 = Release|x86
		{5040E0F5-1E79-41EC-A203-A65E167A4A71}.AppStore|iPhone.Deploy.0 = Release|x86
		{5040E0F5-1E79-41EC-A203-A65E167A4A71}.AppStore|iPhoneSimulator.ActiveCfg = Release|x86
		{5040E0F5-1E79-41EC-A203-A65E167A4A71}.AppStore|iPhoneSimulator.Build.0 = Release|x86
		{5040E0F5-1E79-41EC-A203-A65E167A4A71}.AppStore|iPhoneSimulator.Deploy.0 = Release|x86
		{5040E0F5-1E79-41EC-A203-A65E167A4A71}.AppStore|x64.ActiveCfg = Release|x64
		{5040E0F5-1E79-41EC-A203-A65E167A4A71}.AppStore|x64.Build.0 = Release|x64
		{5040E0F5-1E79-41EC-A203-A65E167A4A71}.AppStore|x64.Deploy.0 = Release|x64
		{5040E0F5-1E79-41EC-A203-A65E167A4A71}.AppStore|x86.ActiveCfg = Release|x86
		{5040E0F5-1E79-41EC-A203-A65E167A4A71}.AppStore|x86.Build.0 = Release|x86
		{5040E0F5-1E79-41EC-A203-A65E167A4A71}.AppStore|x86.Deploy.0 = Release|x86
		{5040E0F5-1E79-41EC-A203-A65E167A4A71}.Debug|Any CPU.ActiveCfg = Debug|x86
		{5040E0F5-1E79-41EC-A203-A65E167A4A71}.Debug|ARM.ActiveCfg = Debug|ARM
		{5040E0F5-1E79-41EC-A203-A65E167A4A71}.Debug|ARM.Build.0 = Debug|ARM
		{5040E0F5-1E79-41EC-A203-A65E167A4A71}.Debug|ARM.Deploy.0 = Debug|ARM
		{5040E0F5-1E79-41EC-A203-A65E167A4A71}.Debug|iPhone.ActiveCfg = Debug|x86
		{5040E0F5-1E79-41EC-A203-A65E167A4A71}.Debug|iPhoneSimulator.ActiveCfg = Debug|x86
		{5040E0F5-1E79-41EC-A203-A65E167A4A71}.Debug|x64.ActiveCfg = Debug|x64
		{5040E0F5-1E79-41EC-A203-A65E167A4A71}.Debug|x64.Build.0 = Debug|x64
		{5040E0F5-1E79-41EC-A203-A65E167A4A71}.Debug|x64.Deploy.0 = Debug|x64
		{5040E0F5-1E79-41EC-A203-A65E167A4A71}.Debug|x86.ActiveCfg = Debug|x86
		{5040E0F5-1E79-41EC-A203-A65E167A4A71}.Debug|x86.Build.0 = Debug|x86
		{5040E0F5-1E79-41EC-A203-A65E167A4A71}.Debug|x86.Deploy.0 = Debug|x86
		{5040E0F5-1E79-41EC-A203-A65E167A4A71}.Release|Any CPU.ActiveCfg = Release|x86
		{5040E0F5-1E79-41EC-A203-A65E167A4A71}.Release|ARM.ActiveCfg = Release|ARM
		{5040E0F5-1E79-41EC-A203-A65E167A4A71}.Release|ARM.Build.0 = Release|ARM
		{5040E0F5-1E79-41EC-A203-A65E167A4A71}.Release|ARM.Deploy.0 = Release|ARM
		{5040E0F5-1E79-41EC-A203-A65E167A4A71}.Release|iPhone.ActiveCfg = Release|x86
		{5040E0F5-1E79-41EC-A203-A65E167A4A71}.Release|iPhoneSimulator.ActiveCfg = Release|x86
		{5040E0F5-1E79-41EC-A203-A65E167A4A71}.Release|x64.ActiveCfg = Release|x64
		{5040E0F5-1E79-41EC-A203-A65E167A4A71}.Release|x64.Build.0 = Release|x64
		{5040E0F5-1E79-41EC-A203-A65E167A4A71}.Release|x64.Deploy.0 = Release|x64
		{5040E0F5-1E79-41EC-A203-A65E167A4A71}.Release|x86.ActiveCfg = Release|x86
		{5040E0F5-1E79-41EC-A203-A65E167A4A71}.Release|x86.Build.0 = Release|x86
		{5040E0F5-1E79-41EC-A203-A65E167A4A71}.Release|x86.Deploy.0 = Release|x86
		{E8154E8A-966C-431B-9011-01A03C9B41A8}.Ad-Hoc|Any CPU.ActiveCfg = Ad-Hoc|iPhone
		{E8154E8A-966C-431B-9011-01A03C9B41A8}.Ad-Hoc|ARM.ActiveCfg = Ad-Hoc|iPhone
		{E8154E8A-966C-431B-9011-01A03C9B41A8}.Ad-Hoc|iPhone.ActiveCfg = Ad-Hoc|iPhone
		{E8154E8A-966C-431B-9011-01A03C9B41A8}.Ad-Hoc|iPhone.Build.0 = Ad-Hoc|iPhone
		{E8154E8A-966C-431B-9011-01A03C9B41A8}.Ad-Hoc|iPhoneSimulator.ActiveCfg = Ad-Hoc|iPhoneSimulator
		{E8154E8A-966C-431B-9011-01A03C9B41A8}.Ad-Hoc|iPhoneSimulator.Build.0 = Ad-Hoc|iPhoneSimulator
		{E8154E8A-966C-431B-9011-01A03C9B41A8}.Ad-Hoc|x64.ActiveCfg = Ad-Hoc|iPhone
		{E8154E8A-966C-431B-9011-01A03C9B41A8}.Ad-Hoc|x86.ActiveCfg = Ad-Hoc|iPhone
		{E8154E8A-966C-431B-9011-01A03C9B41A8}.AppStore|Any CPU.ActiveCfg = AppStore|iPhone
		{E8154E8A-966C-431B-9011-01A03C9B41A8}.AppStore|ARM.ActiveCfg = AppStore|iPhone
		{E8154E8A-966C-431B-9011-01A03C9B41A8}.AppStore|iPhone.ActiveCfg = AppStore|iPhone
		{E8154E8A-966C-431B-9011-01A03C9B41A8}.AppStore|iPhone.Build.0 = AppStore|iPhone
		{E8154E8A-966C-431B-9011-01A03C9B41A8}.AppStore|iPhoneSimulator.ActiveCfg = AppStore|iPhoneSimulator
		{E8154E8A-966C-431B-9011-01A03C9B41A8}.AppStore|iPhoneSimulator.Build.0 = AppStore|iPhoneSimulator
		{E8154E8A-966C-431B-9011-01A03C9B41A8}.AppStore|x64.ActiveCfg = AppStore|iPhone
		{E8154E8A-966C-431B-9011-01A03C9B41A8}.AppStore|x86.ActiveCfg = AppStore|iPhone
		{E8154E8A-966C-431B-9011-01A03C9B41A8}.Debug|Any CPU.ActiveCfg = Debug|iPhone
		{E8154E8A-966C-431B-9011-01A03C9B41A8}.Debug|ARM.ActiveCfg = Debug|iPhone
		{E8154E8A-966C-431B-9011-01A03C9B41A8}.Debug|iPhone.ActiveCfg = Debug|iPhone
		{E8154E8A-966C-431B-9011-01A03C9B41A8}.Debug|iPhone.Build.0 = Debug|iPhone
		{E8154E8A-966C-431B-9011-01A03C9B41A8}.Debug|iPhoneSimulator.ActiveCfg = Debug|iPhoneSimulator
		{E8154E8A-966C-431B-9011-01A03C9B41A8}.Debug|iPhoneSimulator.Build.0 = Debug|iPhoneSimulator
		{E8154E8A-966C-431B-9011-01A03C9B41A8}.Debug|x64.ActiveCfg = Debug|iPhone
		{E8154E8A-966C-431B-9011-01A03C9B41A8}.Debug|x86.ActiveCfg = Debug|iPhone
		{E8154E8A-966C-431B-9011-01A03C9B41A8}.Release|Any CPU.ActiveCfg = Release|iPhone
		{E8154E8A-966C-431B-9011-01A03C9B41A8}.Release|ARM.ActiveCfg = Release|iPhone
		{E8154E8A-966C-431B-9011-01A03C9B41A8}.Release|iPhone.ActiveCfg = Release|iPhone
		{E8154E8A-966C-431B-9011-01A03C9B41A8}.Release|iPhone.Build.0 = Release|iPhone
		{E8154E8A-966C-431B-9011-01A03C9B41A8}.Release|iPhoneSimulator.ActiveCfg = Release|iPhoneSimulator
		{E8154E8A-966C-431B-9011-01A03C9B41A8}.Release|iPhoneSimulator.Build.0 = Release|iPhoneSimulator
		{E8154E8A-966C-431B-9011-01A03C9B41A8}.Release|x64.ActiveCfg = Release|iPhone
		{E8154E8A-966C-431B-9011-01A03C9B41A8}.Release|x86.ActiveCfg = Release|iPhone
	EndGlobalSection
	GlobalSection(SolutionProperties) = preSolution
		HideSolutionNode = FALSE
	EndGlobalSection
EndGlobal
